
Microsoft Visual Studio Solution File, Format Version 12.00
# Visual Studio Version 17
VisualStudioVersion = 17.0.31903.59
MinimumVisualStudioVersion = 10.0.40219.1
Project("{FAE04EC0-301F-11D3-BF4B-00C04F79EFBC}") = "MessagingInDistributedSystems.Carts", "MessagingInDistributedSystems.Carts\MessagingInDistributedSystems.Carts.csproj", "{A0620541-41D0-47D6-8A1C-7840F92E3167}"
EndProject
Project("{FAE04EC0-301F-11D3-BF4B-00C04F79EFBC}") = "MessagingInDistributedSystems.Funds", "MessagingInDistributedSystems.Funds\MessagingInDistributedSystems.Funds.csproj", "{100342A4-7CC4-435E-AEC3-4CB6CE58FD87}"
EndProject
Project("{FAE04EC0-301F-11D3-BF4B-00C04F79EFBC}") = "MessagingInDistributedSystems.Shared", "MessagingInDistributedSystems.Shared\MessagingInDistributedSystems.Shared.csproj", "{BFF6C715-5EB9-4638-93F3-C2C16F31CF4E}"
EndProject
Global
	GlobalSection(SolutionConfigurationPlatforms) = preSolution
		Debug|Any CPU = Debug|Any CPU
		Release|Any CPU = Release|Any CPU
	EndGlobalSection
	GlobalSection(SolutionProperties) = preSolution
		HideSolutionNode = FALSE
	EndGlobalSection
	GlobalSection(ProjectConfigurationPlatforms) = postSolution
		{A0620541-41D0-47D6-8A1C-7840F92E3167}.Debug|Any CPU.ActiveCfg = Debug|Any CPU
		{A0620541-41D0-47D6-8A1C-7840F92E3167}.Debug|Any CPU.Build.0 = Debug|Any CPU
		{A0620541-41D0-47D6-8A1C-7840F92E3167}.Release|Any CPU.ActiveCfg = Release|Any CPU
		{A0620541-41D0-47D6-8A1C-7840F92E3167}.Release|Any CPU.Build.0 = Release|Any CPU
		{100342A4-7CC4-435E-AEC3-4CB6CE58FD87}.Debug|Any CPU.ActiveCfg = Debug|Any CPU
		{100342A4-7CC4-435E-AEC3-4CB6CE58FD87}.Debug|Any CPU.Build.0 = Debug|Any CPU
		{100342A4-7CC4-435E-AEC3-4CB6CE58FD87}.Release|Any CPU.ActiveCfg = Release|Any CPU
		{100342A4-7CC4-435E-AEC3-4CB6CE58FD87}.Release|Any CPU.Build.0 = Release|Any CPU
		{BFF6C715-5EB9-4638-93F3-C2C16F31CF4E}.Debug|Any CPU.ActiveCfg = Debug|Any CPU
		{BFF6C715-5EB9-4638-93F3-C2C16F31CF4E}.Debug|Any CPU.Build.0 = Debug|Any CPU
		{BFF6C715-5EB9-4638-93F3-C2C16F31CF4E}.Release|Any CPU.ActiveCfg = Release|Any CPU
		{BFF6C715-5EB9-4638-93F3-C2C16F31CF4E}.Release|Any CPU.Build.0 = Release|Any CPU
	EndGlobalSection
EndGlobal
